{
    "_readme": [
        "This file locks the dependencies of your project to a known state",
        "Read more about it at https://getcomposer.org/doc/01-basic-usage.md#installing-dependencies",
        "This file is @generated automatically"
    ],
    "content-hash": "d8d36bacec764fad25e3af7f8bbe6753",
    "packages": [
        {
            "name": "zendframework/zend-db",
            "version": "2.3.5",
            "source": {
                "type": "git",
                "url": "https://github.com/zendframework/zend-db.git",
                "reference": "d9597ef91e8bf0a98a2252b4998de30ecf764fd3"
            },
            "dist": {
                "type": "zip",
                "url": "https://packages.zendframework.com/composer/zendframework-zend-db-2.3.5-d8d7a4.zip",
                "reference": "d9597ef91e8bf0a98a2252b4998de30ecf764fd3",
                "shasum": "68c8766775c2eb3d2986791e2031995923d77695"
            },
            "require": {
                "php": ">=5.3.23",
                "zendframework/zend-stdlib": "self.version"
            },
            "require-dev": {
                "fabpot/php-cs-fixer": "1.7.*",
                "phpunit/phpunit": "~4.0",
                "satooshi/php-coveralls": "dev-master",
                "zendframework/zend-eventmanager": "self.version",
                "zendframework/zend-servicemanager": "self.version",
                "zendframework/zend-stdlib": "self.version"
            },
            "suggest": {
                "zendframework/zend-eventmanager": "Zend\\EventManager component",
                "zendframework/zend-servicemanager": "Zend\\ServiceManager component"
            },
            "type": "library",
            "extra": {
                "branch-alias": {
                    "dev-master": "2.3-dev",
                    "dev-develop": "2.4-dev"
                }
            },
            "autoload": {
                "psr-4": {
                    "Zend\\Db\\": "src/"
                }
            },
            "autoload-dev": {
                "psr-4": {
                    "ZendTest\\Db\\": "test/"
                }
            },
            "license": [
                "BSD-3-Clause"
            ],
            "description": " ",
            "homepage": "https://github.com/zendframework/zend-db",
            "keywords": [
                "db",
                "zf2"
            ],
            "time": "2015-02-18T19:15:09+00:00"
        },
        {
            "name": "zendframework/zend-stdlib",
            "version": "2.3.5",
            "source": {
                "type": "git",
                "url": "https://github.com/zendframework/zend-stdlib.git",
                "reference": "17f2924889e93e40fc45507c2850ff8bd7d0b93c"
            },
            "dist": {
                "type": "zip",
                "url": "https://packages.zendframework.com/composer/zendframework-zend-stdlib-2.3.5-a6b824.zip",
                "reference": "17f2924889e93e40fc45507c2850ff8bd7d0b93c",
                "shasum": "3dfb8308087b0ffe284e56bb1cb4faf9a619df02"
            },
            "require": {
                "php": ">=5.3.23"
            },
            "require-dev": {
                "fabpot/php-cs-fixer": "1.7.*",
                "phpunit/phpunit": "~4.0",
                "satooshi/php-coveralls": "dev-master",
                "zendframework/zend-eventmanager": "self.version",
                "zendframework/zend-filter": "self.version",
                "zendframework/zend-serializer": "self.version",
                "zendframework/zend-servicemanager": "self.version"
            },
            "suggest": {
                "zendframework/zend-eventmanager": "To support aggregate hydrator usage",
                "zendframework/zend-filter": "To support naming strategy hydrator usage",
                "zendframework/zend-serializer": "Zend\\Serializer component",
                "zendframework/zend-servicemanager": "To support hydrator plugin manager usage"
            },
            "type": "library",
            "extra": {
                "branch-alias": {
                    "dev-master": "2.3-dev",
                    "dev-develop": "2.4-dev"
                }
            },
            "autoload": {
                "psr-4": {
                    "Zend\\Stdlib\\": "src/"
                }
            },
            "autoload-dev": {
                "psr-4": {
                    "ZendTest\\Stdlib\\": "test/"
                }
            },
            "license": [
                "BSD-3-Clause"
            ],
            "description": " ",
            "homepage": "https://github.com/zendframework/zend-stdlib",
            "keywords": [
                "stdlib",
                "zf2"
            ],
            "time": "2015-02-10T14:55:30+00:00"
        }
    ],
    "packages-dev": [],
    "aliases": [],
    "minimum-stability": "stable",
    "stability-flags": [],
    "prefer-stable": false,
    "prefer-lowest": false,
    "platform": [],
    "platform-dev": [],
    "plugin-api-version": "2.6.0"
}
